Microsoft Visual Studio Solution File, Format Version 12.00
# Visual Studio Version 17
VisualStudioVersion = 17.5.2.0
MinimumVisualStudioVersion = 10.0.40219.1
Project("{FAE04EC0-301F-11D3-BF4B-00C04F79EFBC}") = "dotnet_counter", "dotnet_counter.csproj", "{800EF5C2-5446-6AB7-8AEC-EA3DD2B7CDE2}"
EndProject
Global
	GlobalSection(SolutionConfigurationPlatforms) = preSolution
		Debug|Any CPU = Debug|Any CPU
		Release|Any CPU = Release|Any CPU
	EndGlobalSection
	GlobalSection(ProjectConfigurationPlatforms) = postSolution
		{800EF5C2-5446-6AB7-8AEC-EA3DD2B7CDE2}.Debug|Any CPU.ActiveCfg = Debug|Any CPU
		{800EF5C2-5446-6AB7-8AEC-EA3DD2B7CDE2}.Debug|Any CPU.Build.0 = Debug|Any CPU
		{800EF5C2-5446-6AB7-8AEC-EA3DD2B7CDE2}.Release|Any CPU.ActiveCfg = Release|Any CPU
		{800EF5C2-5446-6AB7-8AEC-EA3DD2B7CDE2}.Release|Any CPU.Build.0 = Release|Any CPU
	EndGlobalSection
	GlobalSection(SolutionProperties) = preSolution
		HideSolutionNode = FALSE
	EndGlobalSection
	GlobalSection(ExtensibilityGlobals) = postSolution
		SolutionGuid = {8BB1EAC9-5589-41F3-9B14-DB34363E88FA}
	EndGlobalSection
EndGlobal
